{
  "version": 4,
  "terraform_version": "1.13.5",
  "serial": 70,
  "lineage": "5273a1fd-3c69-e564-4cda-5363266069e5",
  "outputs": {
    "my_ec2_instance_public_ip": {
      "value": "18.141.207.225",
      "type": "string"
    }
  },
  "resources": [
    {
      "mode": "managed",
      "type": "aws_default_vpc",
      "name": "default",
      "provider": "provider[\"registry.terraform.io/hashicorp/aws\"]",
      "instances": [
        {
          "schema_version": 1,
          "attributes": {
            "arn": "arn:aws:ec2:ap-southeast-1:366403523501:vpc/vpc-07b9125aee23d2e58",
            "assign_generated_ipv6_cidr_block": false,
            "cidr_block": "172.31.0.0/16",
            "default_network_acl_id": "acl-09f969641cebdef41",
            "default_route_table_id": "rtb-0272169fff2ea370f",
            "default_security_group_id": "sg-085b6470b35be55af",
            "dhcp_options_id": "dopt-0d545d104dde3127e",
            "enable_dns_hostnames": true,
            "enable_dns_support": true,
            "enable_network_address_usage_metrics": false,
            "existing_default_vpc": true,
            "force_destroy": false,
            "id": "vpc-07b9125aee23d2e58",
            "instance_tenancy": "default",
            "ipv6_association_id": "",
            "ipv6_cidr_block": "",
            "ipv6_cidr_block_network_border_group": "",
            "ipv6_ipam_pool_id": "",
            "ipv6_netmask_length": 0,
            "main_route_table_id": "rtb-0272169fff2ea370f",
            "owner_id": "366403523501",
            "region": "ap-southeast-1",
            "tags": null,
            "tags_all": {}
          },
          "sensitive_attributes": [],
          "identity_schema_version": 0,
          "private": "eyJzY2hlbWFfdmVyc2lvbiI6IjEifQ=="
        }
      ]
    },
    {
      "mode": "managed",
      "type": "aws_dynamodb_table",
      "name": "my_table",
      "provider": "provider[\"registry.terraform.io/hashicorp/aws\"]",
      "instances": [
        {
          "schema_version": 1,
          "attributes": {
            "arn": "arn:aws:dynamodb:ap-southeast-1:366403523501:table/my-dynamodb-table",
            "attribute": [
              {
                "name": "id",
                "type": "S"
              }
            ],
            "billing_mode": "PAY_PER_REQUEST",
            "deletion_protection_enabled": false,
            "global_secondary_index": [],
            "hash_key": "id",
            "id": "my-dynamodb-table",
            "import_table": [],
            "local_secondary_index": [],
            "name": "my-dynamodb-table",
            "on_demand_throughput": [],
            "point_in_time_recovery": [
              {
                "enabled": false,
                "recovery_period_in_days": 0
              }
            ],
            "range_key": null,
            "read_capacity": 0,
            "region": "ap-southeast-1",
            "replica": [],
            "restore_date_time": null,
            "restore_source_name": null,
            "restore_source_table_arn": null,
            "restore_to_latest_time": null,
            "server_side_encryption": [],
            "stream_arn": "",
            "stream_enabled": false,
            "stream_label": "",
            "stream_view_type": "",
            "table_class": "STANDARD",
            "tags": null,
            "tags_all": {},
            "timeouts": null,
            "ttl": [
              {
                "attribute_name": "",
                "enabled": false
              }
            ],
            "warm_throughput": [],
            "write_capacity": 0
          },
          "sensitive_attributes": [],
          "identity_schema_version": 0,
          "private": "eyJlMmJmYjczMC1lY2FhLTExZTYtOGY4OC0zNDM2M2JjN2M0YzAiOnsiY3JlYXRlIjoxODAwMDAwMDAwMDAwLCJkZWxldGUiOjYwMDAwMDAwMDAwMCwidXBkYXRlIjozNjAwMDAwMDAwMDAwfSwic2NoZW1hX3ZlcnNpb24iOiIxIn0="
        }
      ]
    },
    {
      "mode": "managed",
      "type": "aws_instance",
      "name": "my-instance",
      "provider": "provider[\"registry.terraform.io/hashicorp/aws\"]",
      "instances": [
        {
          "schema_version": 2,
          "attributes": {
            "ami": "ami-00d8fc944fb171e29",
            "arn": "arn:aws:ec2:ap-southeast-1:366403523501:instance/i-07d3be64cf8fde0e8",
            "associate_public_ip_address": true,
            "availability_zone": "ap-southeast-1b",
            "capacity_reservation_specification": [
              {
                "capacity_reservation_preference": "open",
                "capacity_reservation_target": []
              }
            ],
            "cpu_options": [
              {
                "amd_sev_snp": "",
                "core_count": 1,
                "threads_per_core": 1
              }
            ],
            "credit_specification": [
              {
                "cpu_credits": "standard"
              }
            ],
            "disable_api_stop": false,
            "disable_api_termination": false,
            "ebs_block_device": [],
            "ebs_optimized": false,
            "enable_primary_ipv6": null,
            "enclave_options": [
              {
                "enabled": false
              }
            ],
            "ephemeral_block_device": [],
            "force_destroy": false,
            "get_password_data": false,
            "hibernation": false,
            "host_id": "",
            "host_resource_group_arn": null,
            "iam_instance_profile": "",
            "id": "i-07d3be64cf8fde0e8",
            "instance_initiated_shutdown_behavior": "stop",
            "instance_lifecycle": "",
            "instance_market_options": [],
            "instance_state": "running",
            "instance_type": "t2.micro",
            "ipv6_address_count": 0,
            "ipv6_addresses": [],
            "key_name": "my-terra-key",
            "launch_template": [],
            "maintenance_options": [
              {
                "auto_recovery": "default"
              }
            ],
            "metadata_options": [
              {
                "http_endpoint": "enabled",
                "http_protocol_ipv6": "disabled",
                "http_put_response_hop_limit": 2,
                "http_tokens": "required",
                "instance_metadata_tags": "disabled"
              }
            ],
            "monitoring": false,
            "network_interface": [],
            "outpost_arn": "",
            "password_data": "",
            "placement_group": "",
            "placement_group_id": "",
            "placement_partition_number": 0,
            "primary_network_interface": [
              {
                "delete_on_termination": true,
                "network_interface_id": "eni-06a109fdbb53059c9"
              }
            ],
            "primary_network_interface_id": "eni-06a109fdbb53059c9",
            "private_dns": "ip-172-31-25-165.ap-southeast-1.compute.internal",
            "private_dns_name_options": [
              {
                "enable_resource_name_dns_a_record": false,
                "enable_resource_name_dns_aaaa_record": false,
                "hostname_type": "ip-name"
              }
            ],
            "private_ip": "172.31.25.165",
            "public_dns": "ec2-18-141-207-225.ap-southeast-1.compute.amazonaws.com",
            "public_ip": "18.141.207.225",
            "region": "ap-southeast-1",
            "root_block_device": [
              {
                "delete_on_termination": true,
                "device_name": "/dev/sda1",
                "encrypted": false,
                "iops": 3000,
                "kms_key_id": "",
                "tags": {},
                "tags_all": {},
                "throughput": 125,
                "volume_id": "vol-0256cfe2c82f68875",
                "volume_size": 8,
                "volume_type": "gp3"
              }
            ],
            "secondary_private_ips": [],
            "security_groups": [
              "allow_ssh"
            ],
            "source_dest_check": true,
            "spot_instance_request_id": "",
            "subnet_id": "subnet-05573d39d600b8010",
            "tags": {
              "Name": "terra-automate"
            },
            "tags_all": {
              "Name": "terra-automate"
            },
            "tenancy": "default",
            "timeouts": null,
            "user_data": null,
            "user_data_base64": null,
            "user_data_replace_on_change": false,
            "volume_tags": null,
            "vpc_security_group_ids": [
              "sg-083fa6748502940aa"
            ]
          },
          "sensitive_attributes": [],
          "identity_schema_version": 0,
          "identity": {
            "account_id": "366403523501",
            "id": "i-07d3be64cf8fde0e8",
            "region": "ap-southeast-1"
          },
          "private": "eyJlMmJmYjczMC1lY2FhLTExZTYtOGY4OC0zNDM2M2JjN2M0YzAiOnsiY3JlYXRlIjo2MDAwMDAwMDAwMDAsImRlbGV0ZSI6MTIwMDAwMDAwMDAwMCwicmVhZCI6OTAwMDAwMDAwMDAwLCJ1cGRhdGUiOjYwMDAwMDAwMDAwMH0sInNjaGVtYV92ZXJzaW9uIjoiMiJ9",
          "dependencies": [
            "aws_default_vpc.default",
            "aws_key_pair.deployer",
            "aws_security_group.emsecurity"
          ]
        }
      ]
    },
    {
      "mode": "managed",
      "type": "aws_key_pair",
      "name": "deployer",
      "provider": "provider[\"registry.terraform.io/hashicorp/aws\"]",
      "instances": [
        {
          "schema_version": 1,
          "attributes": {
            "arn": "arn:aws:ec2:ap-southeast-1:366403523501:key-pair/my-terra-key",
            "fingerprint": "svSyfxQ1PTuwQix5/WEkoQGEFSFs304MfGrDuCQobPw=",
            "id": "my-terra-key",
            "key_name": "my-terra-key",
            "key_name_prefix": "",
            "key_pair_id": "key-0673a999d66e40506",
            "key_type": "ed25519",
            "public_key": "ssh-ed25519 AAAAC3NzaC1lZDI1NTE5AAAAIE6MwryzygPmZO4DkHgMMkzWDrj0bgpu0SM4KCGpKwlw emonshil@Emonspc",
            "region": "ap-southeast-1",
            "tags": null,
            "tags_all": {}
          },
          "sensitive_attributes": [],
          "identity_schema_version": 0,
          "private": "eyJzY2hlbWFfdmVyc2lvbiI6IjEifQ=="
        }
      ]
    },
    {
      "mode": "managed",
      "type": "aws_s3_bucket",
      "name": "my_bucket",
      "provider": "provider[\"registry.terraform.io/hashicorp/aws\"]",
      "instances": [
        {
          "schema_version": 0,
          "attributes": {
            "acceleration_status": "",
            "acl": null,
            "arn": "arn:aws:s3:::my-unique-bucket-name-emon",
            "bucket": "my-unique-bucket-name-emon",
            "bucket_domain_name": "my-unique-bucket-name-emon.s3.amazonaws.com",
            "bucket_prefix": "",
            "bucket_region": "ap-southeast-1",
            "bucket_regional_domain_name": "my-unique-bucket-name-emon.s3.ap-southeast-1.amazonaws.com",
            "cors_rule": [],
            "force_destroy": false,
            "grant": [
              {
                "id": "ffd8362932f47cc3d0947e75e75bf5a019ed1a82b08ef9312f71138793427718",
                "permissions": [
                  "FULL_CONTROL"
                ],
                "type": "CanonicalUser",
                "uri": ""
              }
            ],
            "hosted_zone_id": "Z3O0J2DXBE1FTB",
            "id": "my-unique-bucket-name-emon",
            "lifecycle_rule": [],
            "logging": [],
            "object_lock_configuration": [],
            "object_lock_enabled": false,
            "policy": "",
            "region": "ap-southeast-1",
            "replication_configuration": [],
            "request_payer": "BucketOwner",
            "server_side_encryption_configuration": [
              {
                "rule": [
                  {
                    "apply_server_side_encryption_by_default": [
                      {
                        "kms_master_key_id": "",
                        "sse_algorithm": "AES256"
                      }
                    ],
                    "bucket_key_enabled": false
                  }
                ]
              }
            ],
            "tags": {
              "Environment": "Dev",
              "Name": "My bucket"
            },
            "tags_all": {
              "Environment": "Dev",
              "Name": "My bucket"
            },
            "timeouts": null,
            "versioning": [
              {
                "enabled": false,
                "mfa_delete": false
              }
            ],
            "website": [],
            "website_domain": null,
            "website_endpoint": null
          },
          "sensitive_attributes": [],
          "identity_schema_version": 0,
          "identity": {
            "account_id": "366403523501",
            "bucket": "my-unique-bucket-name-emon",
            "region": "ap-southeast-1"
          },
          "private": "eyJlMmJmYjczMC1lY2FhLTExZTYtOGY4OC0zNDM2M2JjN2M0YzAiOnsiY3JlYXRlIjoxMjAwMDAwMDAwMDAwLCJkZWxldGUiOjM2MDAwMDAwMDAwMDAsInJlYWQiOjEyMDAwMDAwMDAwMDAsInVwZGF0ZSI6MTIwMDAwMDAwMDAwMH19"
        }
      ]
    },
    {
      "mode": "managed",
      "type": "aws_security_group",
      "name": "emsecurity",
      "provider": "provider[\"registry.terraform.io/hashicorp/aws\"]",
      "instances": [
        {
          "schema_version": 1,
          "attributes": {
            "arn": "arn:aws:ec2:ap-southeast-1:366403523501:security-group/sg-083fa6748502940aa",
            "description": "Allow SSH inbound traffic",
            "egress": [
              {
                "cidr_blocks": [
                  "0.0.0.0/0"
                ],
                "description": "This is for outgoing internet traffic",
                "from_port": 0,
                "ipv6_cidr_blocks": [],
                "prefix_list_ids": [],
                "protocol": "-1",
                "security_groups": [],
                "self": false,
                "to_port": 0
              }
            ],
            "id": "sg-083fa6748502940aa",
            "ingress": [
              {
                "cidr_blocks": [
                  "0.0.0.0/0"
                ],
                "description": "SSH from anywhere",
                "from_port": 22,
                "ipv6_cidr_blocks": [],
                "prefix_list_ids": [],
                "protocol": "tcp",
                "security_groups": [],
                "self": false,
                "to_port": 22
              }
            ],
            "name": "allow_ssh",
            "name_prefix": "",
            "owner_id": "366403523501",
            "region": "ap-southeast-1",
            "revoke_rules_on_delete": false,
            "tags": null,
            "tags_all": {},
            "timeouts": null,
            "vpc_id": "vpc-07b9125aee23d2e58"
          },
          "sensitive_attributes": [],
          "identity_schema_version": 0,
          "identity": {
            "account_id": "366403523501",
            "id": "sg-083fa6748502940aa",
            "region": "ap-southeast-1"
          },
          "private": "eyJlMmJmYjczMC1lY2FhLTExZTYtOGY4OC0zNDM2M2JjN2M0YzAiOnsiY3JlYXRlIjo2MDAwMDAwMDAwMDAsImRlbGV0ZSI6OTAwMDAwMDAwMDAwfSwic2NoZW1hX3ZlcnNpb24iOiIxIn0=",
          "dependencies": [
            "aws_default_vpc.default"
          ]
        }
      ]
    },
    {
      "module": "module.dev-app",
      "mode": "managed",
      "type": "aws_dynamodb_table",
      "name": "my_table",
      "provider": "provider[\"registry.terraform.io/hashicorp/aws\"]",
      "instances": [
        {
          "schema_version": 1,
          "attributes": {
            "arn": "arn:aws:dynamodb:ap-southeast-1:366403523501:table/dev-my-unique-bucket-name-emon-table",
            "attribute": [
              {
                "name": "id",
                "type": "S"
              }
            ],
            "billing_mode": "PAY_PER_REQUEST",
            "deletion_protection_enabled": false,
            "global_secondary_index": [],
            "hash_key": "id",
            "id": "dev-my-unique-bucket-name-emon-table",
            "import_table": [],
            "local_secondary_index": [],
            "name": "dev-my-unique-bucket-name-emon-table",
            "on_demand_throughput": [],
            "point_in_time_recovery": [
              {
                "enabled": false,
                "recovery_period_in_days": 0
              }
            ],
            "range_key": null,
            "read_capacity": 0,
            "region": "ap-southeast-1",
            "replica": [],
            "restore_date_time": null,
            "restore_source_name": null,
            "restore_source_table_arn": null,
            "restore_to_latest_time": null,
            "server_side_encryption": [],
            "stream_arn": "",
            "stream_enabled": false,
            "stream_label": "",
            "stream_view_type": "",
            "table_class": "STANDARD",
            "tags": null,
            "tags_all": {},
            "timeouts": null,
            "ttl": [
              {
                "attribute_name": "",
                "enabled": false
              }
            ],
            "warm_throughput": [],
            "write_capacity": 0
          },
          "sensitive_attributes": [],
          "identity_schema_version": 0,
          "private": "eyJlMmJmYjczMC1lY2FhLTExZTYtOGY4OC0zNDM2M2JjN2M0YzAiOnsiY3JlYXRlIjoxODAwMDAwMDAwMDAwLCJkZWxldGUiOjYwMDAwMDAwMDAwMCwidXBkYXRlIjozNjAwMDAwMDAwMDAwfSwic2NoZW1hX3ZlcnNpb24iOiIxIn0="
        }
      ]
    },
    {
      "module": "module.dev-app",
      "mode": "managed",
      "type": "aws_instance",
      "name": "my-instance",
      "provider": "provider[\"registry.terraform.io/hashicorp/aws\"]",
      "instances": [
        {
          "index_key": 0,
          "schema_version": 2,
          "attributes": {
            "ami": "ami-00d8fc944fb171e29",
            "arn": "arn:aws:ec2:ap-southeast-1:366403523501:instance/i-006943a8101504203",
            "associate_public_ip_address": true,
            "availability_zone": "ap-southeast-1b",
            "capacity_reservation_specification": [
              {
                "capacity_reservation_preference": "open",
                "capacity_reservation_target": []
              }
            ],
            "cpu_options": [
              {
                "amd_sev_snp": "",
                "core_count": 1,
                "threads_per_core": 1
              }
            ],
            "credit_specification": [
              {
                "cpu_credits": "standard"
              }
            ],
            "disable_api_stop": false,
            "disable_api_termination": false,
            "ebs_block_device": [],
            "ebs_optimized": false,
            "enable_primary_ipv6": null,
            "enclave_options": [
              {
                "enabled": false
              }
            ],
            "ephemeral_block_device": [],
            "force_destroy": false,
            "get_password_data": false,
            "hibernation": false,
            "host_id": "",
            "host_resource_group_arn": null,
            "iam_instance_profile": "",
            "id": "i-006943a8101504203",
            "instance_initiated_shutdown_behavior": "stop",
            "instance_lifecycle": "",
            "instance_market_options": [],
            "instance_state": "running",
            "instance_type": "t2.micro",
            "ipv6_address_count": 0,
            "ipv6_addresses": [],
            "key_name": "",
            "launch_template": [],
            "maintenance_options": [
              {
                "auto_recovery": "default"
              }
            ],
            "metadata_options": [
              {
                "http_endpoint": "enabled",
                "http_protocol_ipv6": "disabled",
                "http_put_response_hop_limit": 2,
                "http_tokens": "required",
                "instance_metadata_tags": "disabled"
              }
            ],
            "monitoring": false,
            "network_interface": [],
            "outpost_arn": "",
            "password_data": "",
            "placement_group": "",
            "placement_group_id": "",
            "placement_partition_number": 0,
            "primary_network_interface": [
              {
                "delete_on_termination": true,
                "network_interface_id": "eni-0ce8cc5aff131afe7"
              }
            ],
            "primary_network_interface_id": "eni-0ce8cc5aff131afe7",
            "private_dns": "ip-172-31-19-142.ap-southeast-1.compute.internal",
            "private_dns_name_options": [
              {
                "enable_resource_name_dns_a_record": false,
                "enable_resource_name_dns_aaaa_record": false,
                "hostname_type": "ip-name"
              }
            ],
            "private_ip": "172.31.19.142",
            "public_dns": "ec2-13-213-71-41.ap-southeast-1.compute.amazonaws.com",
            "public_ip": "13.213.71.41",
            "region": "ap-southeast-1",
            "root_block_device": [
              {
                "delete_on_termination": true,
                "device_name": "/dev/sda1",
                "encrypted": false,
                "iops": 3000,
                "kms_key_id": "",
                "tags": {},
                "tags_all": {},
                "throughput": 125,
                "volume_id": "vol-0676ba042a8fc4daf",
                "volume_size": 8,
                "volume_type": "gp3"
              }
            ],
            "secondary_private_ips": [],
            "security_groups": [
              "default"
            ],
            "source_dest_check": true,
            "spot_instance_request_id": "",
            "subnet_id": "subnet-05573d39d600b8010",
            "tags": {
              "Name": "dev-my-unique-bucket-name-emon-instance"
            },
            "tags_all": {
              "Name": "dev-my-unique-bucket-name-emon-instance"
            },
            "tenancy": "default",
            "timeouts": null,
            "user_data": null,
            "user_data_base64": null,
            "user_data_replace_on_change": false,
            "volume_tags": null,
            "vpc_security_group_ids": [
              "sg-085b6470b35be55af"
            ]
          },
          "sensitive_attributes": [],
          "identity_schema_version": 0,
          "identity": {
            "account_id": "366403523501",
            "id": "i-006943a8101504203",
            "region": "ap-southeast-1"
          },
          "private": "eyJlMmJmYjczMC1lY2FhLTExZTYtOGY4OC0zNDM2M2JjN2M0YzAiOnsiY3JlYXRlIjo2MDAwMDAwMDAwMDAsImRlbGV0ZSI6MTIwMDAwMDAwMDAwMCwicmVhZCI6OTAwMDAwMDAwMDAwLCJ1cGRhdGUiOjYwMDAwMDAwMDAwMH0sInNjaGVtYV92ZXJzaW9uIjoiMiJ9"
        }
      ]
    },
    {
      "module": "module.dev-app",
      "mode": "managed",
      "type": "aws_s3_bucket",
      "name": "my_bucket",
      "provider": "provider[\"registry.terraform.io/hashicorp/aws\"]",
      "instances": [
        {
          "schema_version": 0,
          "attributes": {
            "acceleration_status": "",
            "acl": null,
            "arn": "arn:aws:s3:::devmy-unique-bucket-name-emon",
            "bucket": "devmy-unique-bucket-name-emon",
            "bucket_domain_name": "devmy-unique-bucket-name-emon.s3.amazonaws.com",
            "bucket_prefix": "",
            "bucket_region": "ap-southeast-1",
            "bucket_regional_domain_name": "devmy-unique-bucket-name-emon.s3.ap-southeast-1.amazonaws.com",
            "cors_rule": [],
            "force_destroy": false,
            "grant": [
              {
                "id": "ffd8362932f47cc3d0947e75e75bf5a019ed1a82b08ef9312f71138793427718",
                "permissions": [
                  "FULL_CONTROL"
                ],
                "type": "CanonicalUser",
                "uri": ""
              }
            ],
            "hosted_zone_id": "Z3O0J2DXBE1FTB",
            "id": "devmy-unique-bucket-name-emon",
            "lifecycle_rule": [],
            "logging": [],
            "object_lock_configuration": [],
            "object_lock_enabled": false,
            "policy": "",
            "region": "ap-southeast-1",
            "replication_configuration": [],
            "request_payer": "BucketOwner",
            "server_side_encryption_configuration": [
              {
                "rule": [
                  {
                    "apply_server_side_encryption_by_default": [
                      {
                        "kms_master_key_id": "",
                        "sse_algorithm": "AES256"
                      }
                    ],
                    "bucket_key_enabled": false
                  }
                ]
              }
            ],
            "tags": {
              "Environment": "dev",
              "Name": "devMy bucket"
            },
            "tags_all": {
              "Environment": "dev",
              "Name": "devMy bucket"
            },
            "timeouts": null,
            "versioning": [
              {
                "enabled": false,
                "mfa_delete": false
              }
            ],
            "website": [],
            "website_domain": null,
            "website_endpoint": null
          },
          "sensitive_attributes": [],
          "identity_schema_version": 0,
          "identity": {
            "account_id": "366403523501",
            "bucket": "devmy-unique-bucket-name-emon",
            "region": "ap-southeast-1"
          },
          "private": "eyJlMmJmYjczMC1lY2FhLTExZTYtOGY4OC0zNDM2M2JjN2M0YzAiOnsiY3JlYXRlIjoxMjAwMDAwMDAwMDAwLCJkZWxldGUiOjM2MDAwMDAwMDAwMDAsInJlYWQiOjEyMDAwMDAwMDAwMDAsInVwZGF0ZSI6MTIwMDAwMDAwMDAwMH19"
        }
      ]
    },
    {
      "module": "module.prod-app",
      "mode": "managed",
      "type": "aws_dynamodb_table",
      "name": "my_table",
      "provider": "provider[\"registry.terraform.io/hashicorp/aws\"]",
      "instances": [
        {
          "schema_version": 1,
          "attributes": {
            "arn": "arn:aws:dynamodb:ap-southeast-1:366403523501:table/prod-my-unique-bucket-name-emon-table",
            "attribute": [
              {
                "name": "id",
                "type": "S"
              }
            ],
            "billing_mode": "PAY_PER_REQUEST",
            "deletion_protection_enabled": false,
            "global_secondary_index": [],
            "hash_key": "id",
            "id": "prod-my-unique-bucket-name-emon-table",
            "import_table": [],
            "local_secondary_index": [],
            "name": "prod-my-unique-bucket-name-emon-table",
            "on_demand_throughput": [],
            "point_in_time_recovery": [
              {
                "enabled": false,
                "recovery_period_in_days": 0
              }
            ],
            "range_key": null,
            "read_capacity": 0,
            "region": "ap-southeast-1",
            "replica": [],
            "restore_date_time": null,
            "restore_source_name": null,
            "restore_source_table_arn": null,
            "restore_to_latest_time": null,
            "server_side_encryption": [],
            "stream_arn": "",
            "stream_enabled": false,
            "stream_label": "",
            "stream_view_type": "",
            "table_class": "STANDARD",
            "tags": null,
            "tags_all": {},
            "timeouts": null,
            "ttl": [
              {
                "attribute_name": "",
                "enabled": false
              }
            ],
            "warm_throughput": [],
            "write_capacity": 0
          },
          "sensitive_attributes": [],
          "identity_schema_version": 0,
          "private": "eyJlMmJmYjczMC1lY2FhLTExZTYtOGY4OC0zNDM2M2JjN2M0YzAiOnsiY3JlYXRlIjoxODAwMDAwMDAwMDAwLCJkZWxldGUiOjYwMDAwMDAwMDAwMCwidXBkYXRlIjozNjAwMDAwMDAwMDAwfSwic2NoZW1hX3ZlcnNpb24iOiIxIn0="
        }
      ]
    },
    {
      "module": "module.prod-app",
      "mode": "managed",
      "type": "aws_instance",
      "name": "my-instance",
      "provider": "provider[\"registry.terraform.io/hashicorp/aws\"]",
      "instances": [
        {
          "index_key": 0,
          "schema_version": 2,
          "attributes": {
            "ami": "ami-00d8fc944fb171e29",
            "arn": "arn:aws:ec2:ap-southeast-1:366403523501:instance/i-0000149a0eb1fc5d3",
            "associate_public_ip_address": true,
            "availability_zone": "ap-southeast-1b",
            "capacity_reservation_specification": [
              {
                "capacity_reservation_preference": "open",
                "capacity_reservation_target": []
              }
            ],
            "cpu_options": [
              {
                "amd_sev_snp": "",
                "core_count": 2,
                "threads_per_core": 1
              }
            ],
            "credit_specification": [
              {
                "cpu_credits": "standard"
              }
            ],
            "disable_api_stop": false,
            "disable_api_termination": false,
            "ebs_block_device": [],
            "ebs_optimized": false,
            "enable_primary_ipv6": null,
            "enclave_options": [
              {
                "enabled": false
              }
            ],
            "ephemeral_block_device": [],
            "force_destroy": false,
            "get_password_data": false,
            "hibernation": false,
            "host_id": "",
            "host_resource_group_arn": null,
            "iam_instance_profile": "",
            "id": "i-0000149a0eb1fc5d3",
            "instance_initiated_shutdown_behavior": "stop",
            "instance_lifecycle": "",
            "instance_market_options": [],
            "instance_state": "running",
            "instance_type": "t2.large",
            "ipv6_address_count": 0,
            "ipv6_addresses": [],
            "key_name": "",
            "launch_template": [],
            "maintenance_options": [
              {
                "auto_recovery": "default"
              }
            ],
            "metadata_options": [
              {
                "http_endpoint": "enabled",
                "http_protocol_ipv6": "disabled",
                "http_put_response_hop_limit": 2,
                "http_tokens": "required",
                "instance_metadata_tags": "disabled"
              }
            ],
            "monitoring": false,
            "network_interface": [],
            "outpost_arn": "",
            "password_data": "",
            "placement_group": "",
            "placement_group_id": "",
            "placement_partition_number": 0,
            "primary_network_interface": [
              {
                "delete_on_termination": true,
                "network_interface_id": "eni-0388100f506d2c809"
              }
            ],
            "primary_network_interface_id": "eni-0388100f506d2c809",
            "private_dns": "ip-172-31-21-215.ap-southeast-1.compute.internal",
            "private_dns_name_options": [
              {
                "enable_resource_name_dns_a_record": false,
                "enable_resource_name_dns_aaaa_record": false,
                "hostname_type": "ip-name"
              }
            ],
            "private_ip": "172.31.21.215",
            "public_dns": "ec2-54-151-145-84.ap-southeast-1.compute.amazonaws.com",
            "public_ip": "54.151.145.84",
            "region": "ap-southeast-1",
            "root_block_device": [
              {
                "delete_on_termination": true,
                "device_name": "/dev/sda1",
                "encrypted": false,
                "iops": 3000,
                "kms_key_id": "",
                "tags": {},
                "tags_all": {},
                "throughput": 125,
                "volume_id": "vol-05e6df6203376cfa3",
                "volume_size": 8,
                "volume_type": "gp3"
              }
            ],
            "secondary_private_ips": [],
            "security_groups": [
              "default"
            ],
            "source_dest_check": true,
            "spot_instance_request_id": "",
            "subnet_id": "subnet-05573d39d600b8010",
            "tags": {
              "Name": "prod-my-unique-bucket-name-emon-instance"
            },
            "tags_all": {
              "Name": "prod-my-unique-bucket-name-emon-instance"
            },
            "tenancy": "default",
            "timeouts": null,
            "user_data": null,
            "user_data_base64": null,
            "user_data_replace_on_change": false,
            "volume_tags": null,
            "vpc_security_group_ids": [
              "sg-085b6470b35be55af"
            ]
          },
          "sensitive_attributes": [],
          "identity_schema_version": 0,
          "identity": {
            "account_id": "366403523501",
            "id": "i-0000149a0eb1fc5d3",
            "region": "ap-southeast-1"
          },
          "private": "eyJlMmJmYjczMC1lY2FhLTExZTYtOGY4OC0zNDM2M2JjN2M0YzAiOnsiY3JlYXRlIjo2MDAwMDAwMDAwMDAsImRlbGV0ZSI6MTIwMDAwMDAwMDAwMCwicmVhZCI6OTAwMDAwMDAwMDAwLCJ1cGRhdGUiOjYwMDAwMDAwMDAwMH0sInNjaGVtYV92ZXJzaW9uIjoiMiJ9"
        },
        {
          "index_key": 1,
          "schema_version": 2,
          "attributes": {
            "ami": "ami-00d8fc944fb171e29",
            "arn": "arn:aws:ec2:ap-southeast-1:366403523501:instance/i-064a038fa5a7b2971",
            "associate_public_ip_address": true,
            "availability_zone": "ap-southeast-1b",
            "capacity_reservation_specification": [
              {
                "capacity_reservation_preference": "open",
                "capacity_reservation_target": []
              }
            ],
            "cpu_options": [
              {
                "amd_sev_snp": "",
                "core_count": 2,
                "threads_per_core": 1
              }
            ],
            "credit_specification": [
              {
                "cpu_credits": "standard"
              }
            ],
            "disable_api_stop": false,
            "disable_api_termination": false,
            "ebs_block_device": [],
            "ebs_optimized": false,
            "enable_primary_ipv6": null,
            "enclave_options": [
              {
                "enabled": false
              }
            ],
            "ephemeral_block_device": [],
            "force_destroy": false,
            "get_password_data": false,
            "hibernation": false,
            "host_id": "",
            "host_resource_group_arn": null,
            "iam_instance_profile": "",
            "id": "i-064a038fa5a7b2971",
            "instance_initiated_shutdown_behavior": "stop",
            "instance_lifecycle": "",
            "instance_market_options": [],
            "instance_state": "running",
            "instance_type": "t2.large",
            "ipv6_address_count": 0,
            "ipv6_addresses": [],
            "key_name": "",
            "launch_template": [],
            "maintenance_options": [
              {
                "auto_recovery": "default"
              }
            ],
            "metadata_options": [
              {
                "http_endpoint": "enabled",
                "http_protocol_ipv6": "disabled",
                "http_put_response_hop_limit": 2,
                "http_tokens": "required",
                "instance_metadata_tags": "disabled"
              }
            ],
            "monitoring": false,
            "network_interface": [],
            "outpost_arn": "",
            "password_data": "",
            "placement_group": "",
            "placement_group_id": "",
            "placement_partition_number": 0,
            "primary_network_interface": [
              {
                "delete_on_termination": true,
                "network_interface_id": "eni-08ed289659ccc7365"
              }
            ],
            "primary_network_interface_id": "eni-08ed289659ccc7365",
            "private_dns": "ip-172-31-22-126.ap-southeast-1.compute.internal",
            "private_dns_name_options": [
              {
                "enable_resource_name_dns_a_record": false,
                "enable_resource_name_dns_aaaa_record": false,
                "hostname_type": "ip-name"
              }
            ],
            "private_ip": "172.31.22.126",
            "public_dns": "ec2-18-136-101-122.ap-southeast-1.compute.amazonaws.com",
            "public_ip": "18.136.101.122",
            "region": "ap-southeast-1",
            "root_block_device": [
              {
                "delete_on_termination": true,
                "device_name": "/dev/sda1",
                "encrypted": false,
                "iops": 3000,
                "kms_key_id": "",
                "tags": {},
                "tags_all": {},
                "throughput": 125,
                "volume_id": "vol-0e83c5da9e43dfdd2",
                "volume_size": 8,
                "volume_type": "gp3"
              }
            ],
            "secondary_private_ips": [],
            "security_groups": [
              "default"
            ],
            "source_dest_check": true,
            "spot_instance_request_id": "",
            "subnet_id": "subnet-05573d39d600b8010",
            "tags": {
              "Name": "prod-my-unique-bucket-name-emon-instance"
            },
            "tags_all": {
              "Name": "prod-my-unique-bucket-name-emon-instance"
            },
            "tenancy": "default",
            "timeouts": null,
            "user_data": null,
            "user_data_base64": null,
            "user_data_replace_on_change": false,
            "volume_tags": null,
            "vpc_security_group_ids": [
              "sg-085b6470b35be55af"
            ]
          },
          "sensitive_attributes": [],
          "identity_schema_version": 0,
          "identity": {
            "account_id": "366403523501",
            "id": "i-064a038fa5a7b2971",
            "region": "ap-southeast-1"
          },
          "private": "eyJlMmJmYjczMC1lY2FhLTExZTYtOGY4OC0zNDM2M2JjN2M0YzAiOnsiY3JlYXRlIjo2MDAwMDAwMDAwMDAsImRlbGV0ZSI6MTIwMDAwMDAwMDAwMCwicmVhZCI6OTAwMDAwMDAwMDAwLCJ1cGRhdGUiOjYwMDAwMDAwMDAwMH0sInNjaGVtYV92ZXJzaW9uIjoiMiJ9"
        },
        {
          "index_key": 2,
          "schema_version": 2,
          "attributes": {
            "ami": "ami-00d8fc944fb171e29",
            "arn": "arn:aws:ec2:ap-southeast-1:366403523501:instance/i-057b4aec9d3586bec",
            "associate_public_ip_address": true,
            "availability_zone": "ap-southeast-1b",
            "capacity_reservation_specification": [
              {
                "capacity_reservation_preference": "open",
                "capacity_reservation_target": []
              }
            ],
            "cpu_options": [
              {
                "amd_sev_snp": "",
                "core_count": 2,
                "threads_per_core": 1
              }
            ],
            "credit_specification": [
              {
                "cpu_credits": "standard"
              }
            ],
            "disable_api_stop": false,
            "disable_api_termination": false,
            "ebs_block_device": [],
            "ebs_optimized": false,
            "enable_primary_ipv6": null,
            "enclave_options": [
              {
                "enabled": false
              }
            ],
            "ephemeral_block_device": [],
            "force_destroy": false,
            "get_password_data": false,
            "hibernation": false,
            "host_id": "",
            "host_resource_group_arn": null,
            "iam_instance_profile": "",
            "id": "i-057b4aec9d3586bec",
            "instance_initiated_shutdown_behavior": "stop",
            "instance_lifecycle": "",
            "instance_market_options": [],
            "instance_state": "running",
            "instance_type": "t2.large",
            "ipv6_address_count": 0,
            "ipv6_addresses": [],
            "key_name": "",
            "launch_template": [],
            "maintenance_options": [
              {
                "auto_recovery": "default"
              }
            ],
            "metadata_options": [
              {
                "http_endpoint": "enabled",
                "http_protocol_ipv6": "disabled",
                "http_put_response_hop_limit": 2,
                "http_tokens": "required",
                "instance_metadata_tags": "disabled"
              }
            ],
            "monitoring": false,
            "network_interface": [],
            "outpost_arn": "",
            "password_data": "",
            "placement_group": "",
            "placement_group_id": "",
            "placement_partition_number": 0,
            "primary_network_interface": [
              {
                "delete_on_termination": true,
                "network_interface_id": "eni-0fc91f738818fc532"
              }
            ],
            "primary_network_interface_id": "eni-0fc91f738818fc532",
            "private_dns": "ip-172-31-22-115.ap-southeast-1.compute.internal",
            "private_dns_name_options": [
              {
                "enable_resource_name_dns_a_record": false,
                "enable_resource_name_dns_aaaa_record": false,
                "hostname_type": "ip-name"
              }
            ],
            "private_ip": "172.31.22.115",
            "public_dns": "ec2-3-0-147-249.ap-southeast-1.compute.amazonaws.com",
            "public_ip": "3.0.147.249",
            "region": "ap-southeast-1",
            "root_block_device": [
              {
                "delete_on_termination": true,
                "device_name": "/dev/sda1",
                "encrypted": false,
                "iops": 3000,
                "kms_key_id": "",
                "tags": {},
                "tags_all": {},
                "throughput": 125,
                "volume_id": "vol-0925288b774150432",
                "volume_size": 8,
                "volume_type": "gp3"
              }
            ],
            "secondary_private_ips": [],
            "security_groups": [
              "default"
            ],
            "source_dest_check": true,
            "spot_instance_request_id": "",
            "subnet_id": "subnet-05573d39d600b8010",
            "tags": {
              "Name": "prod-my-unique-bucket-name-emon-instance"
            },
            "tags_all": {
              "Name": "prod-my-unique-bucket-name-emon-instance"
            },
            "tenancy": "default",
            "timeouts": null,
            "user_data": null,
            "user_data_base64": null,
            "user_data_replace_on_change": false,
            "volume_tags": null,
            "vpc_security_group_ids": [
              "sg-085b6470b35be55af"
            ]
          },
          "sensitive_attributes": [],
          "identity_schema_version": 0,
          "identity": {
            "account_id": "366403523501",
            "id": "i-057b4aec9d3586bec",
            "region": "ap-southeast-1"
          },
          "private": "eyJlMmJmYjczMC1lY2FhLTExZTYtOGY4OC0zNDM2M2JjN2M0YzAiOnsiY3JlYXRlIjo2MDAwMDAwMDAwMDAsImRlbGV0ZSI6MTIwMDAwMDAwMDAwMCwicmVhZCI6OTAwMDAwMDAwMDAwLCJ1cGRhdGUiOjYwMDAwMDAwMDAwMH0sInNjaGVtYV92ZXJzaW9uIjoiMiJ9"
        }
      ]
    },
    {
      "module": "module.prod-app",
      "mode": "managed",
      "type": "aws_s3_bucket",
      "name": "my_bucket",
      "provider": "provider[\"registry.terraform.io/hashicorp/aws\"]",
      "instances": [
        {
          "schema_version": 0,
          "attributes": {
            "acceleration_status": "",
            "acl": null,
            "arn": "arn:aws:s3:::prodmy-unique-bucket-name-emon",
            "bucket": "prodmy-unique-bucket-name-emon",
            "bucket_domain_name": "prodmy-unique-bucket-name-emon.s3.amazonaws.com",
            "bucket_prefix": "",
            "bucket_region": "ap-southeast-1",
            "bucket_regional_domain_name": "prodmy-unique-bucket-name-emon.s3.ap-southeast-1.amazonaws.com",
            "cors_rule": [],
            "force_destroy": false,
            "grant": [
              {
                "id": "ffd8362932f47cc3d0947e75e75bf5a019ed1a82b08ef9312f71138793427718",
                "permissions": [
                  "FULL_CONTROL"
                ],
                "type": "CanonicalUser",
                "uri": ""
              }
            ],
            "hosted_zone_id": "Z3O0J2DXBE1FTB",
            "id": "prodmy-unique-bucket-name-emon",
            "lifecycle_rule": [],
            "logging": [],
            "object_lock_configuration": [],
            "object_lock_enabled": false,
            "policy": "",
            "region": "ap-southeast-1",
            "replication_configuration": [],
            "request_payer": "BucketOwner",
            "server_side_encryption_configuration": [
              {
                "rule": [
                  {
                    "apply_server_side_encryption_by_default": [
                      {
                        "kms_master_key_id": "",
                        "sse_algorithm": "AES256"
                      }
                    ],
                    "bucket_key_enabled": false
                  }
                ]
              }
            ],
            "tags": {
              "Environment": "prod",
              "Name": "prodMy bucket"
            },
            "tags_all": {
              "Environment": "prod",
              "Name": "prodMy bucket"
            },
            "timeouts": null,
            "versioning": [
              {
                "enabled": false,
                "mfa_delete": false
              }
            ],
            "website": [],
            "website_domain": null,
            "website_endpoint": null
          },
          "sensitive_attributes": [],
          "identity_schema_version": 0,
          "identity": {
            "account_id": "366403523501",
            "bucket": "prodmy-unique-bucket-name-emon",
            "region": "ap-southeast-1"
          },
          "private": "eyJlMmJmYjczMC1lY2FhLTExZTYtOGY4OC0zNDM2M2JjN2M0YzAiOnsiY3JlYXRlIjoxMjAwMDAwMDAwMDAwLCJkZWxldGUiOjM2MDAwMDAwMDAwMDAsInJlYWQiOjEyMDAwMDAwMDAwMDAsInVwZGF0ZSI6MTIwMDAwMDAwMDAwMH19"
        }
      ]
    },
    {
      "module": "module.staging-app",
      "mode": "managed",
      "type": "aws_dynamodb_table",
      "name": "my_table",
      "provider": "provider[\"registry.terraform.io/hashicorp/aws\"]",
      "instances": [
        {
          "schema_version": 1,
          "attributes": {
            "arn": "arn:aws:dynamodb:ap-southeast-1:366403523501:table/stg-my-unique-bucket-name-emon-table",
            "attribute": [
              {
                "name": "id",
                "type": "S"
              }
            ],
            "billing_mode": "PAY_PER_REQUEST",
            "deletion_protection_enabled": false,
            "global_secondary_index": [],
            "hash_key": "id",
            "id": "stg-my-unique-bucket-name-emon-table",
            "import_table": [],
            "local_secondary_index": [],
            "name": "stg-my-unique-bucket-name-emon-table",
            "on_demand_throughput": [],
            "point_in_time_recovery": [
              {
                "enabled": false,
                "recovery_period_in_days": 0
              }
            ],
            "range_key": null,
            "read_capacity": 0,
            "region": "ap-southeast-1",
            "replica": [],
            "restore_date_time": null,
            "restore_source_name": null,
            "restore_source_table_arn": null,
            "restore_to_latest_time": null,
            "server_side_encryption": [],
            "stream_arn": "",
            "stream_enabled": false,
            "stream_label": "",
            "stream_view_type": "",
            "table_class": "STANDARD",
            "tags": null,
            "tags_all": {},
            "timeouts": null,
            "ttl": [
              {
                "attribute_name": "",
                "enabled": false
              }
            ],
            "warm_throughput": [],
            "write_capacity": 0
          },
          "sensitive_attributes": [],
          "identity_schema_version": 0,
          "private": "eyJlMmJmYjczMC1lY2FhLTExZTYtOGY4OC0zNDM2M2JjN2M0YzAiOnsiY3JlYXRlIjoxODAwMDAwMDAwMDAwLCJkZWxldGUiOjYwMDAwMDAwMDAwMCwidXBkYXRlIjozNjAwMDAwMDAwMDAwfSwic2NoZW1hX3ZlcnNpb24iOiIxIn0="
        }
      ]
    },
    {
      "module": "module.staging-app",
      "mode": "managed",
      "type": "aws_instance",
      "name": "my-instance",
      "provider": "provider[\"registry.terraform.io/hashicorp/aws\"]",
      "instances": [
        {
          "index_key": 0,
          "schema_version": 2,
          "attributes": {
            "ami": "ami-00d8fc944fb171e29",
            "arn": "arn:aws:ec2:ap-southeast-1:366403523501:instance/i-0a8669385d2cdbf53",
            "associate_public_ip_address": true,
            "availability_zone": "ap-southeast-1b",
            "capacity_reservation_specification": [
              {
                "capacity_reservation_preference": "open",
                "capacity_reservation_target": []
              }
            ],
            "cpu_options": [
              {
                "amd_sev_snp": "",
                "core_count": 2,
                "threads_per_core": 1
              }
            ],
            "credit_specification": [
              {
                "cpu_credits": "standard"
              }
            ],
            "disable_api_stop": false,
            "disable_api_termination": false,
            "ebs_block_device": [],
            "ebs_optimized": false,
            "enable_primary_ipv6": null,
            "enclave_options": [
              {
                "enabled": false
              }
            ],
            "ephemeral_block_device": [],
            "force_destroy": false,
            "get_password_data": false,
            "hibernation": false,
            "host_id": "",
            "host_resource_group_arn": null,
            "iam_instance_profile": "",
            "id": "i-0a8669385d2cdbf53",
            "instance_initiated_shutdown_behavior": "stop",
            "instance_lifecycle": "",
            "instance_market_options": [],
            "instance_state": "running",
            "instance_type": "t2.medium",
            "ipv6_address_count": 0,
            "ipv6_addresses": [],
            "key_name": "",
            "launch_template": [],
            "maintenance_options": [
              {
                "auto_recovery": "default"
              }
            ],
            "metadata_options": [
              {
                "http_endpoint": "enabled",
                "http_protocol_ipv6": "disabled",
                "http_put_response_hop_limit": 2,
                "http_tokens": "required",
                "instance_metadata_tags": "disabled"
              }
            ],
            "monitoring": false,
            "network_interface": [],
            "outpost_arn": "",
            "password_data": "",
            "placement_group": "",
            "placement_group_id": "",
            "placement_partition_number": 0,
            "primary_network_interface": [
              {
                "delete_on_termination": true,
                "network_interface_id": "eni-0bfd432c672fee4c1"
              }
            ],
            "primary_network_interface_id": "eni-0bfd432c672fee4c1",
            "private_dns": "ip-172-31-19-86.ap-southeast-1.compute.internal",
            "private_dns_name_options": [
              {
                "enable_resource_name_dns_a_record": false,
                "enable_resource_name_dns_aaaa_record": false,
                "hostname_type": "ip-name"
              }
            ],
            "private_ip": "172.31.19.86",
            "public_dns": "ec2-46-137-238-179.ap-southeast-1.compute.amazonaws.com",
            "public_ip": "46.137.238.179",
            "region": "ap-southeast-1",
            "root_block_device": [
              {
                "delete_on_termination": true,
                "device_name": "/dev/sda1",
                "encrypted": false,
                "iops": 3000,
                "kms_key_id": "",
                "tags": {},
                "tags_all": {},
                "throughput": 125,
                "volume_id": "vol-02070a658731961e9",
                "volume_size": 8,
                "volume_type": "gp3"
              }
            ],
            "secondary_private_ips": [],
            "security_groups": [
              "default"
            ],
            "source_dest_check": true,
            "spot_instance_request_id": "",
            "subnet_id": "subnet-05573d39d600b8010",
            "tags": {
              "Name": "stg-my-unique-bucket-name-emon-instance"
            },
            "tags_all": {
              "Name": "stg-my-unique-bucket-name-emon-instance"
            },
            "tenancy": "default",
            "timeouts": null,
            "user_data": null,
            "user_data_base64": null,
            "user_data_replace_on_change": false,
            "volume_tags": null,
            "vpc_security_group_ids": [
              "sg-085b6470b35be55af"
            ]
          },
          "sensitive_attributes": [],
          "identity_schema_version": 0,
          "identity": {
            "account_id": "366403523501",
            "id": "i-0a8669385d2cdbf53",
            "region": "ap-southeast-1"
          },
          "private": "eyJlMmJmYjczMC1lY2FhLTExZTYtOGY4OC0zNDM2M2JjN2M0YzAiOnsiY3JlYXRlIjo2MDAwMDAwMDAwMDAsImRlbGV0ZSI6MTIwMDAwMDAwMDAwMCwicmVhZCI6OTAwMDAwMDAwMDAwLCJ1cGRhdGUiOjYwMDAwMDAwMDAwMH0sInNjaGVtYV92ZXJzaW9uIjoiMiJ9"
        },
        {
          "index_key": 1,
          "schema_version": 2,
          "attributes": {
            "ami": "ami-00d8fc944fb171e29",
            "arn": "arn:aws:ec2:ap-southeast-1:366403523501:instance/i-07b67a1ac1fcfbf95",
            "associate_public_ip_address": true,
            "availability_zone": "ap-southeast-1b",
            "capacity_reservation_specification": [
              {
                "capacity_reservation_preference": "open",
                "capacity_reservation_target": []
              }
            ],
            "cpu_options": [
              {
                "amd_sev_snp": "",
                "core_count": 2,
                "threads_per_core": 1
              }
            ],
            "credit_specification": [
              {
                "cpu_credits": "standard"
              }
            ],
            "disable_api_stop": false,
            "disable_api_termination": false,
            "ebs_block_device": [],
            "ebs_optimized": false,
            "enable_primary_ipv6": null,
            "enclave_options": [
              {
                "enabled": false
              }
            ],
            "ephemeral_block_device": [],
            "force_destroy": false,
            "get_password_data": false,
            "hibernation": false,
            "host_id": "",
            "host_resource_group_arn": null,
            "iam_instance_profile": "",
            "id": "i-07b67a1ac1fcfbf95",
            "instance_initiated_shutdown_behavior": "stop",
            "instance_lifecycle": "",
            "instance_market_options": [],
            "instance_state": "running",
            "instance_type": "t2.medium",
            "ipv6_address_count": 0,
            "ipv6_addresses": [],
            "key_name": "",
            "launch_template": [],
            "maintenance_options": [
              {
                "auto_recovery": "default"
              }
            ],
            "metadata_options": [
              {
                "http_endpoint": "enabled",
                "http_protocol_ipv6": "disabled",
                "http_put_response_hop_limit": 2,
                "http_tokens": "required",
                "instance_metadata_tags": "disabled"
              }
            ],
            "monitoring": false,
            "network_interface": [],
            "outpost_arn": "",
            "password_data": "",
            "placement_group": "",
            "placement_group_id": "",
            "placement_partition_number": 0,
            "primary_network_interface": [
              {
                "delete_on_termination": true,
                "network_interface_id": "eni-0ead117eff89c43db"
              }
            ],
            "primary_network_interface_id": "eni-0ead117eff89c43db",
            "private_dns": "ip-172-31-20-220.ap-southeast-1.compute.internal",
            "private_dns_name_options": [
              {
                "enable_resource_name_dns_a_record": false,
                "enable_resource_name_dns_aaaa_record": false,
                "hostname_type": "ip-name"
              }
            ],
            "private_ip": "172.31.20.220",
            "public_dns": "ec2-52-77-239-195.ap-southeast-1.compute.amazonaws.com",
            "public_ip": "52.77.239.195",
            "region": "ap-southeast-1",
            "root_block_device": [
              {
                "delete_on_termination": true,
                "device_name": "/dev/sda1",
                "encrypted": false,
                "iops": 3000,
                "kms_key_id": "",
                "tags": {},
                "tags_all": {},
                "throughput": 125,
                "volume_id": "vol-0df71b7b6fd28d2f7",
                "volume_size": 8,
                "volume_type": "gp3"
              }
            ],
            "secondary_private_ips": [],
            "security_groups": [
              "default"
            ],
            "source_dest_check": true,
            "spot_instance_request_id": "",
            "subnet_id": "subnet-05573d39d600b8010",
            "tags": {
              "Name": "stg-my-unique-bucket-name-emon-instance"
            },
            "tags_all": {
              "Name": "stg-my-unique-bucket-name-emon-instance"
            },
            "tenancy": "default",
            "timeouts": null,
            "user_data": null,
            "user_data_base64": null,
            "user_data_replace_on_change": false,
            "volume_tags": null,
            "vpc_security_group_ids": [
              "sg-085b6470b35be55af"
            ]
          },
          "sensitive_attributes": [],
          "identity_schema_version": 0,
          "identity": {
            "account_id": "366403523501",
            "id": "i-07b67a1ac1fcfbf95",
            "region": "ap-southeast-1"
          },
          "private": "eyJlMmJmYjczMC1lY2FhLTExZTYtOGY4OC0zNDM2M2JjN2M0YzAiOnsiY3JlYXRlIjo2MDAwMDAwMDAwMDAsImRlbGV0ZSI6MTIwMDAwMDAwMDAwMCwicmVhZCI6OTAwMDAwMDAwMDAwLCJ1cGRhdGUiOjYwMDAwMDAwMDAwMH0sInNjaGVtYV92ZXJzaW9uIjoiMiJ9"
        }
      ]
    },
    {
      "module": "module.staging-app",
      "mode": "managed",
      "type": "aws_s3_bucket",
      "name": "my_bucket",
      "provider": "provider[\"registry.terraform.io/hashicorp/aws\"]",
      "instances": [
        {
          "schema_version": 0,
          "attributes": {
            "acceleration_status": "",
            "acl": null,
            "arn": "arn:aws:s3:::stgmy-unique-bucket-name-emon",
            "bucket": "stgmy-unique-bucket-name-emon",
            "bucket_domain_name": "stgmy-unique-bucket-name-emon.s3.amazonaws.com",
            "bucket_prefix": "",
            "bucket_region": "ap-southeast-1",
            "bucket_regional_domain_name": "stgmy-unique-bucket-name-emon.s3.ap-southeast-1.amazonaws.com",
            "cors_rule": [],
            "force_destroy": false,
            "grant": [
              {
                "id": "ffd8362932f47cc3d0947e75e75bf5a019ed1a82b08ef9312f71138793427718",
                "permissions": [
                  "FULL_CONTROL"
                ],
                "type": "CanonicalUser",
                "uri": ""
              }
            ],
            "hosted_zone_id": "Z3O0J2DXBE1FTB",
            "id": "stgmy-unique-bucket-name-emon",
            "lifecycle_rule": [],
            "logging": [],
            "object_lock_configuration": [],
            "object_lock_enabled": false,
            "policy": "",
            "region": "ap-southeast-1",
            "replication_configuration": [],
            "request_payer": "BucketOwner",
            "server_side_encryption_configuration": [
              {
                "rule": [
                  {
                    "apply_server_side_encryption_by_default": [
                      {
                        "kms_master_key_id": "",
                        "sse_algorithm": "AES256"
                      }
                    ],
                    "bucket_key_enabled": false
                  }
                ]
              }
            ],
            "tags": {
              "Environment": "stg",
              "Name": "stgMy bucket"
            },
            "tags_all": {
              "Environment": "stg",
              "Name": "stgMy bucket"
            },
            "timeouts": null,
            "versioning": [
              {
                "enabled": false,
                "mfa_delete": false
              }
            ],
            "website": [],
            "website_domain": null,
            "website_endpoint": null
          },
          "sensitive_attributes": [],
          "identity_schema_version": 0,
          "identity": {
            "account_id": "366403523501",
            "bucket": "stgmy-unique-bucket-name-emon",
            "region": "ap-southeast-1"
          },
          "private": "eyJlMmJmYjczMC1lY2FhLTExZTYtOGY4OC0zNDM2M2JjN2M0YzAiOnsiY3JlYXRlIjoxMjAwMDAwMDAwMDAwLCJkZWxldGUiOjM2MDAwMDAwMDAwMDAsInJlYWQiOjEyMDAwMDAwMDAwMDAsInVwZGF0ZSI6MTIwMDAwMDAwMDAwMH19"
        }
      ]
    }
  ],
  "check_results": null
}
